// !$*UTF8*$!
{
	archiveVersion = 1;
	classes = {
	};
	objectVersion = 56;
	objects = {

/* Begin PBXBuildFile section */
		7168C2392AD5DA93003156C3 /* roxetteApp.swift in Sources */ = {isa = PBXBuildFile; fileRef = 7168C2382AD5DA93003156C3 /* roxetteApp.swift */; };
		7168C23B2AD5DA93003156C3 /* ContentView.swift in Sources */ = {isa = PBXBuildFile; fileRef = 7168C23A2AD5DA93003156C3 /* ContentView.swift */; };
		7168C23D2AD5DA93003156C3 /* Item.swift in Sources */ = {isa = PBXBuildFile; fileRef = 7168C23C2AD5DA93003156C3 /* Item.swift */; };
		7168C23F2AD5DA94003156C3 /* Assets.xcassets in Resources */ = {isa = PBXBuildFile; fileRef = 7168C23E2AD5DA94003156C3 /* Assets.xcassets */; };
		7168C2422AD5DA94003156C3 /* Preview Assets.xcassets in Resources */ = {isa = PBXBuildFile; fileRef = 7168C2412AD5DA94003156C3 /* Preview Assets.xcassets */; };
		7168C24B2AD5DC8A003156C3 /* PlayerViewModel.swift in Sources */ = {isa = PBXBuildFile; fileRef = 7168C24A2AD5DC8A003156C3 /* PlayerViewModel.swift */; };
		718AE0242AD75C1D00A5DCA3 /* PlayerView.swift in Sources */ = {isa = PBXBuildFile; fileRef = 718AE0232AD75C1D00A5DCA3 /* PlayerView.swift */; };
		718AE0512AD76E2D00A5DCA3 /* Helixa-Light.ttf in Resources */ = {isa = PBXBuildFile; fileRef = 718AE0452AD76E2C00A5DCA3 /* Helixa-Light.ttf */; };
		718AE0582AD7711700A5DCA3 /* FontExtension.swift in Sources */ = {isa = PBXBuildFile; fileRef = 718AE0572AD7711700A5DCA3 /* FontExtension.swift */; };
		718AE05A2AD773E500A5DCA3 /* ColorExtension.swift in Sources */ = {isa = PBXBuildFile; fileRef = 718AE0592AD773E500A5DCA3 /* ColorExtension.swift */; };
		718AE05C2AD7790200A5DCA3 /* MenuView.swift in Sources */ = {isa = PBXBuildFile; fileRef = 718AE05B2AD7790200A5DCA3 /* MenuView.swift */; };
		718AE05E2AD7794A00A5DCA3 /* MainView.swift in Sources */ = {isa = PBXBuildFile; fileRef = 718AE05D2AD7794A00A5DCA3 /* MainView.swift */; };
		718AE0612AD77A1100A5DCA3 /* ButtonComponent.swift in Sources */ = {isa = PBXBuildFile; fileRef = 718AE0602AD77A1100A5DCA3 /* ButtonComponent.swift */; };
/* End PBXBuildFile section */

/* Begin PBXFileReference section */
		7168C2352AD5DA93003156C3 /* roxette.app */ = {isa = PBXFileReference; explicitFileType = wrapper.application; includeInIndex = 0; path = roxette.app; sourceTree = BUILT_PRODUCTS_DIR; };
		7168C2382AD5DA93003156C3 /* roxetteApp.swift */ = {isa = PBXFileReference; lastKnownFileType = sourcecode.swift; path = roxetteApp.swift; sourceTree = "<group>"; };
		7168C23A2AD5DA93003156C3 /* ContentView.swift */ = {isa = PBXFileReference; lastKnownFileType = sourcecode.swift; path = ContentView.swift; sourceTree = "<group>"; };
		7168C23C2AD5DA93003156C3 /* Item.swift */ = {isa = PBXFileReference; lastKnownFileType = sourcecode.swift; path = Item.swift; sourceTree = "<group>"; };
		7168C23E2AD5DA94003156C3 /* Assets.xcassets */ = {isa = PBXFileReference; lastKnownFileType = folder.assetcatalog; path = Assets.xcassets; sourceTree = "<group>"; };
		7168C2412AD5DA94003156C3 /* Preview Assets.xcassets */ = {isa = PBXFileReference; lastKnownFileType = folder.assetcatalog; path = "Preview Assets.xcassets"; sourceTree = "<group>"; };
		7168C2482AD5DC44003156C3 /* Info.plist */ = {isa = PBXFileReference; lastKnownFileType = text.plist; path = Info.plist; sourceTree = "<group>"; };
		7168C24A2AD5DC8A003156C3 /* PlayerViewModel.swift */ = {isa = PBXFileReference; lastKnownFileType = sourcecode.swift; path = PlayerViewModel.swift; sourceTree = "<group>"; };
		718AE0232AD75C1D00A5DCA3 /* PlayerView.swift */ = {isa = PBXFileReference; lastKnownFileType = sourcecode.swift; path = PlayerView.swift; sourceTree = "<group>"; };
		718AE0452AD76E2C00A5DCA3 /* Helixa-Light.ttf */ = {isa = PBXFileReference; lastKnownFileType = file; path = "Helixa-Light.ttf"; sourceTree = "<group>"; };
		718AE0572AD7711700A5DCA3 /* FontExtension.swift */ = {isa = PBXFileReference; lastKnownFileType = sourcecode.swift; path = FontExtension.swift; sourceTree = "<group>"; };
		718AE0592AD773E500A5DCA3 /* ColorExtension.swift */ = {isa = PBXFileReference; lastKnownFileType = sourcecode.swift; path = ColorExtension.swift; sourceTree = "<group>"; };
		718AE05B2AD7790200A5DCA3 /* MenuView.swift */ = {isa = PBXFileReference; lastKnownFileType = sourcecode.swift; path = MenuView.swift; sourceTree = "<group>"; };
		718AE05D2AD7794A00A5DCA3 /* MainView.swift */ = {isa = PBXFileReference; lastKnownFileType = sourcecode.swift; path = MainView.swift; sourceTree = "<group>"; };
		718AE0602AD77A1100A5DCA3 /* ButtonComponent.swift */ = {isa = PBXFileReference; lastKnownFileType = sourcecode.swift; path = ButtonComponent.swift; sourceTree = "<group>"; };
/* End PBXFileReference section */

/* Begin PBXFrameworksBuildPhase section */
		7168C2322AD5DA93003156C3 /* Frameworks */ = {
			isa = PBXFrameworksBuildPhase;
			buildActionMask = 2147483647;
			files = (
			);
			runOnlyForDeploymentPostprocessing = 0;
		};
/* End PBXFrameworksBuildPhase section */

/* Begin PBXGroup section */
		7168C22C2AD5DA93003156C3 = {
			isa = PBXGroup;
			children = (
				7168C2372AD5DA93003156C3 /* roxette */,
				7168C2362AD5DA93003156C3 /* Products */,
			);
			sourceTree = "<group>";
		};
		7168C2362AD5DA93003156C3 /* Products */ = {
			isa = PBXGroup;
			children = (
				7168C2352AD5DA93003156C3 /* roxette.app */,
			);
			name = Products;
			sourceTree = "<group>";
		};
		7168C2372AD5DA93003156C3 /* roxette */ = {
			isa = PBXGroup;
			children = (
				718AE05F2AD77A0700A5DCA3 /* components */,
				718AE0562AD7710900A5DCA3 /* extensions */,
				718AE0552AD76E3400A5DCA3 /* fonts */,
				718AE0222AD75C0900A5DCA3 /* views */,
				7168C2492AD5DC77003156C3 /* models */,
				7168C2482AD5DC44003156C3 /* Info.plist */,
				7168C2382AD5DA93003156C3 /* roxetteApp.swift */,
				7168C23A2AD5DA93003156C3 /* ContentView.swift */,
				7168C23C2AD5DA93003156C3 /* Item.swift */,
				7168C23E2AD5DA94003156C3 /* Assets.xcassets */,
				7168C2402AD5DA94003156C3 /* Preview Content */,
			);
			path = roxette;
			sourceTree = "<group>";
		};
		7168C2402AD5DA94003156C3 /* Preview Content */ = {
			isa = PBXGroup;
			children = (
				7168C2412AD5DA94003156C3 /* Preview Assets.xcassets */,
			);
			path = "Preview Content";
			sourceTree = "<group>";
		};
		7168C2492AD5DC77003156C3 /* models */ = {
			isa = PBXGroup;
			children = (
				7168C24A2AD5DC8A003156C3 /* PlayerViewModel.swift */,
			);
			path = models;
			sourceTree = "<group>";
		};
		718AE0222AD75C0900A5DCA3 /* views */ = {
			isa = PBXGroup;
			children = (
				718AE0232AD75C1D00A5DCA3 /* PlayerView.swift */,
				718AE05B2AD7790200A5DCA3 /* MenuView.swift */,
				718AE05D2AD7794A00A5DCA3 /* MainView.swift */,
			);
			path = views;
			sourceTree = "<group>";
		};
		718AE0552AD76E3400A5DCA3 /* fonts */ = {
			isa = PBXGroup;
			children = (
				718AE0452AD76E2C00A5DCA3 /* Helixa-Light.ttf */,
			);
			path = fonts;
			sourceTree = "<group>";
		};
		718AE0562AD7710900A5DCA3 /* extensions */ = {
			isa = PBXGroup;
			children = (
				718AE0572AD7711700A5DCA3 /* FontExtension.swift */,
				718AE0592AD773E500A5DCA3 /* ColorExtension.swift */,
			);
			path = extensions;
			sourceTree = "<group>";
		};
		718AE05F2AD77A0700A5DCA3 /* components */ = {
			isa = PBXGroup;
			children = (
				718AE0602AD77A1100A5DCA3 /* ButtonComponent.swift */,
			);
			path = components;
			sourceTree = "<group>";
		};
/* End PBXGroup section */

/* Begin PBXNativeTarget section */
		7168C2342AD5DA93003156C3 /* roxette */ = {
			isa = PBXNativeTarget;
			buildConfigurationList = 7168C2452AD5DA94003156C3 /* Build configuration list for PBXNativeTarget "roxette" */;
			buildPhases = (
				7168C2312AD5DA93003156C3 /* Sources */,
				7168C2322AD5DA93003156C3 /* Frameworks */,
				7168C2332AD5DA93003156C3 /* Resources */,
			);
			buildRules = (
			);
			dependencies = (
			);
			name = roxette;
			productName = roxette;
			productReference = 7168C2352AD5DA93003156C3 /* roxette.app */;
			productType = "com.apple.product-type.application";
		};
/* End PBXNativeTarget section */

/* Begin PBXProject section */
		7168C22D2AD5DA93003156C3 /* Project object */ = {
			isa = PBXProject;
			attributes = {
				BuildIndependentTargetsInParallel = 1;
				LastSwiftUpdateCheck = 1500;
				LastUpgradeCheck = 1500;
				TargetAttributes = {
					7168C2342AD5DA93003156C3 = {
						CreatedOnToolsVersion = 15.0;
					};
				};
			};
			buildConfigurationList = 7168C2302AD5DA93003156C3 /* Build configuration list for PBXProject "roxette" */;
			compatibilityVersion = "Xcode 14.0";
			developmentRegion = en;
			hasScannedForEncodings = 0;
			knownRegions = (
				en,
				Base,
			);
			mainGroup = 7168C22C2AD5DA93003156C3;
			productRefGroup = 7168C2362AD5DA93003156C3 /* Products */;
			projectDirPath = "";
			projectRoot = "";
			targets = (
				7168C2342AD5DA93003156C3 /* roxette */,
			);
		};
/* End PBXProject section */

/* Begin PBXResourcesBuildPhase section */
		7168C2332AD5DA93003156C3 /* Resources */ = {
			isa = PBXResourcesBuildPhase;
			buildActionMask = 2147483647;
			files = (
				7168C2422AD5DA94003156C3 /* Preview Assets.xcassets in Resources */,
				718AE0512AD76E2D00A5DCA3 /* Helixa-Light.ttf in Resources */,
				7168C23F2AD5DA94003156C3 /* Assets.xcassets in Resources */,
			);
			runOnlyForDeploymentPostprocessing = 0;
		};
/* End PBXResourcesBuildPhase section */

/* Begin PBXSourcesBuildPhase section */
		7168C2312AD5DA93003156C3 /* Sources */ = {
			isa = PBXSourcesBuildPhase;
			buildActionMask = 2147483647;
			files = (
				718AE0582AD7711700A5DCA3 /* FontExtension.swift in Sources */,
				718AE0612AD77A1100A5DCA3 /* ButtonComponent.swift in Sources */,
				718AE05C2AD7790200A5DCA3 /* MenuView.swift in Sources */,
				7168C23B2AD5DA93003156C3 /* ContentView.swift in Sources */,
				7168C24B2AD5DC8A003156C3 /* PlayerViewModel.swift in Sources */,
				7168C23D2AD5DA93003156C3 /* Item.swift in Sources */,
				718AE05E2AD7794A00A5DCA3 /* MainView.swift in Sources */,
				718AE0242AD75C1D00A5DCA3 /* PlayerView.swift in Sources */,
				718AE05A2AD773E500A5DCA3 /* ColorExtension.swift in Sources */,
				7168C2392AD5DA93003156C3 /* roxetteApp.swift in Sources */,
			);
			runOnlyForDeploymentPostprocessing = 0;
		};
/* End PBXSourcesBuildPhase section */

/* Begin XCBuildConfiguration section */
		7168C2432AD5DA94003156C3 /* Debug */ = {
			isa = XCBuildConfiguration;
			buildSettings = {
				ALWAYS_SEARCH_USER_PATHS = NO;
				ASSETCATALOG_COMPILER_GENERATE_SWIFT_ASSET_SYMBOL_EXTENSIONS = YES;
				CLANG_ANALYZER_NONNULL = YES;
				CLANG_ANALYZER_NUMBER_OBJECT_CONVERSION = YES_AGGRESSIVE;
				CLANG_CXX_LANGUAGE_STANDARD = "gnu++20";
				CLANG_ENABLE_MODULES = YES;
				CLANG_ENABLE_OBJC_ARC = YES;
				CLANG_ENABLE_OBJC_WEAK = YES;
				CLANG_WARN_BLOCK_CAPTURE_AUTORELEASING = YES;
				CLANG_WARN_BOOL_CONVERSION = YES;
				CLANG_WARN_COMMA = YES;
				CLANG_WARN_CONSTANT_CONVERSION = YES;
				CLANG_WARN_DEPRECATED_OBJC_IMPLEMENTATIONS = YES;
				CLANG_WARN_DIRECT_OBJC_ISA_USAGE = YES_ERROR;
				CLANG_WARN_DOCUMENTATION_COMMENTS = YES;
				CLANG_WARN_EMPTY_BODY = YES;
				CLANG_WARN_ENUM_CONVERSION = YES;
				CLANG_WARN_INFINITE_RECURSION = YES;
				CLANG_WARN_INT_CONVERSION = YES;
				CLANG_WARN_NON_LITERAL_NULL_CONVERSION = YES;
				CLANG_WARN_OBJC_IMPLICIT_RETAIN_SELF = YES;
				CLANG_WARN_OBJC_LITERAL_CONVERSION = YES;
				CLANG_WARN_OBJC_ROOT_CLASS = YES_ERROR;
				CLANG_WARN_QUOTED_INCLUDE_IN_FRAMEWORK_HEADER = YES;
				CLANG_WARN_RANGE_LOOP_ANALYSIS = YES;
				CLANG_WARN_STRICT_PROTOTYPES = YES;
				CLANG_WARN_SUSPICIOUS_MOVE = YES;
				CLANG_WARN_UNGUARDED_AVAILABILITY = YES_AGGRESSIVE;
				CLANG_WARN_UNREACHABLE_CODE = YES;
				CLANG_WARN__DUPLICATE_METHOD_MATCH = YES;
				COPY_PHASE_STRIP = NO;
				DEBUG_INFORMATION_FORMAT = dwarf;
				ENABLE_STRICT_OBJC_MSGSEND = YES;
				ENABLE_TESTABILITY = YES;
				ENABLE_USER_SCRIPT_SANDBOXING = YES;
				GCC_C_LANGUAGE_STANDARD = gnu17;
				GCC_DYNAMIC_NO_PIC = NO;
				GCC_NO_COMMON_BLOCKS = YES;
				GCC_OPTIMIZATION_LEVEL = 0;
				GCC_PREPROCESSOR_DEFINITIONS = (
					"DEBUG=1",
					"$(inherited)",
				);
				GCC_WARN_64_TO_32_BIT_CONVERSION = YES;
				GCC_WARN_ABOUT_RETURN_TYPE = YES_ERROR;
				GCC_WARN_UNDECLARED_SELECTOR = YES;
				GCC_WARN_UNINITIALIZED_AUTOS = YES_AGGRESSIVE;
				GCC_WARN_UNUSED_FUNCTION = YES;
				GCC_WARN_UNUSED_VARIABLE = YES;
				IPHONEOS_DEPLOYMENT_TARGET = 17.0;
				LOCALIZATION_PREFERS_STRING_CATALOGS = YES;
				MTL_ENABLE_DEBUG_INFO = INCLUDE_SOURCE;
				MTL_FAST_MATH = YES;
				ONLY_ACTIVE_ARCH = YES;
				SDKROOT = iphoneos;
				SWIFT_ACTIVE_COMPILATION_CONDITIONS = "DEBUG $(inherited)";
				SWIFT_OPTIMIZATION_LEVEL = "-Onone";
			};
			name = Debug;
		};
		7168C2442AD5DA94003156C3 /* Release */ = {
			isa = XCBuildConfiguration;
			buildSettings = {
				ALWAYS_SEARCH_USER_PATHS = NO;
				ASSETCATALOG_COMPILER_GENERATE_SWIFT_ASSET_SYMBOL_EXTENSIONS = YES;
				CLANG_ANALYZER_NONNULL = YES;
				CLANG_ANALYZER_NUMBER_OBJECT_CONVERSION = YES_AGGRESSIVE;
				CLANG_CXX_LANGUAGE_STANDARD = "gnu++20";
				CLANG_ENABLE_MODULES = YES;
				CLANG_ENABLE_OBJC_ARC = YES;
				CLANG_ENABLE_OBJC_WEAK = YES;
				CLANG_WARN_BLOCK_CAPTURE_AUTORELEASING = YES;
				CLANG_WARN_BOOL_CONVERSION = YES;
				CLANG_WARN_COMMA = YES;
				CLANG_WARN_CONSTANT_CONVERSION = YES;
				CLANG_WARN_DEPRECATED_OBJC_IMPLEMENTATIONS = YES;
				CLANG_WARN_DIRECT_OBJC_ISA_USAGE = YES_ERROR;
				CLANG_WARN_DOCUMENTATION_COMMENTS = YES;
				CLANG_WARN_EMPTY_BODY = YES;
				CLANG_WARN_ENUM_CONVERSION = YES;
				CLANG_WARN_INFINITE_RECURSION = YES;
				CLANG_WARN_INT_CONVERSION = YES;
				CLANG_WARN_NON_LITERAL_NULL_CONVERSION = YES;
				CLANG_WARN_OBJC_IMPLICIT_RETAIN_SELF = YES;
				CLANG_WARN_OBJC_LITERAL_CONVERSION = YES;
				CLANG_WARN_OBJC_ROOT_CLASS = YES_ERROR;
				CLANG_WARN_QUOTED_INCLUDE_IN_FRAMEWORK_HEADER = YES;
				CLANG_WARN_RANGE_LOOP_ANALYSIS = YES;
				CLANG_WARN_STRICT_PROTOTYPES = YES;
				CLANG_WARN_SUSPICIOUS_MOVE = YES;
				CLANG_WARN_UNGUARDED_AVAILABILITY = YES_AGGRESSIVE;
				CLANG_WARN_UNREACHABLE_CODE = YES;
				CLANG_WARN__DUPLICATE_METHOD_MATCH = YES;
				COPY_PHASE_STRIP = NO;
				DEBUG_INFORMATION_FORMAT = "dwarf-with-dsym";
				ENABLE_NS_ASSERTIONS = NO;
				ENABLE_STRICT_OBJC_MSGSEND = YES;
				ENABLE_USER_SCRIPT_SANDBOXING = YES;
				GCC_C_LANGUAGE_STANDARD = gnu17;
				GCC_NO_COMMON_BLOCKS = YES;
				GCC_WARN_64_TO_32_BIT_CONVERSION = YES;
				GCC_WARN_ABOUT_RETURN_TYPE = YES_ERROR;
				GCC_WARN_UNDECLARED_SELECTOR = YES;
				GCC_WARN_UNINITIALIZED_AUTOS = YES_AGGRESSIVE;
				GCC_WARN_UNUSED_FUNCTION = YES;
				GCC_WARN_UNUSED_VARIABLE = YES;
				IPHONEOS_DEPLOYMENT_TARGET = 17.0;
				LOCALIZATION_PREFERS_STRING_CATALOGS = YES;
				MTL_ENABLE_DEBUG_INFO = NO;
				MTL_FAST_MATH = YES;
				SDKROOT = iphoneos;
				SWIFT_COMPILATION_MODE = wholemodule;
				VALIDATE_PRODUCT = YES;
			};
			name = Release;
		};
		7168C2462AD5DA94003156C3 /* Debug */ = {
			isa = XCBuildConfiguration;
			buildSettings = {
				ASSETCATALOG_COMPILER_APPICON_NAME = AppIcon;
				ASSETCATALOG_COMPILER_GLOBAL_ACCENT_COLOR_NAME = AccentColor;
				ASSETCATALOG_COMPILER_INCLUDE_ALL_APPICON_ASSETS = YES;
				CODE_SIGN_STYLE = Automatic;
				CURRENT_PROJECT_VERSION = 1;
				DEVELOPMENT_ASSET_PATHS = "\"roxette/Preview Content\"";
				DEVELOPMENT_TEAM = N32N2U54JS;
				ENABLE_PREVIEWS = YES;
				GENERATE_INFOPLIST_FILE = YES;
				INFOPLIST_FILE = roxette/Info.plist;
				INFOPLIST_KEY_CFBundleDisplayName = Roxette;
				INFOPLIST_KEY_UIApplicationSceneManifest_Generation = YES;
				INFOPLIST_KEY_UIApplicationSupportsIndirectInputEvents = YES;
				INFOPLIST_KEY_UILaunchScreen_Generation = YES;
				INFOPLIST_KEY_UISupportedInterfaceOrientations_iPad = "UIInterfaceOrientationPortrait UIInterfaceOrientationPortraitUpsideDown UIInterfaceOrientationLandscapeLeft UIInterfaceOrientationLandscapeRight";
				INFOPLIST_KEY_UISupportedInterfaceOrientations_iPhone = "UIInterfaceOrientationPortrait UIInterfaceOrientationLandscapeLeft UIInterfaceOrientationLandscapeRight";
				LD_RUNPATH_SEARCH_PATHS = (
					"$(inherited)",
					"@executable_path/Frameworks",
				);
				MARKETING_VERSION = 1.0;
				PRODUCT_BUNDLE_IDENTIFIER = io.oxozon.yearn.roxette;
				PRODUCT_NAME = "$(TARGET_NAME)";
				SWIFT_EMIT_LOC_STRINGS = YES;
				SWIFT_VERSION = 5.0;
				TARGETED_DEVICE_FAMILY = "1,2";
			};
			name = Debug;
		};
		7168C2472AD5DA94003156C3 /* Release */ = {
			isa = XCBuildConfiguration;
			buildSettings = {
				ASSETCATALOG_COMPILER_APPICON_NAME = AppIcon;
				ASSETCATALOG_COMPILER_GLOBAL_ACCENT_COLOR_NAME = AccentColor;
				ASSETCATALOG_COMPILER_INCLUDE_ALL_APPICON_ASSETS = YES;
				CODE_SIGN_STYLE = Automatic;
				CURRENT_PROJECT_VERSION = 1;
				DEVELOPMENT_ASSET_PATHS = "\"roxette/Preview Content\"";
				DEVELOPMENT_TEAM = N32N2U54JS;
				ENABLE_PREVIEWS = YES;
				GENERATE_INFOPLIST_FILE = YES;
				INFOPLIST_FILE = roxette/Info.plist;
				INFOPLIST_KEY_CFBundleDisplayName = Roxette;
				INFOPLIST_KEY_UIApplicationSceneManifest_Generation = YES;
				INFOPLIST_KEY_UIApplicationSupportsIndirectInputEvents = YES;
				INFOPLIST_KEY_UILaunchScreen_Generation = YES;
				INFOPLIST_KEY_UISupportedInterfaceOrientations_iPad = "UIInterfaceOrientationPortrait UIInterfaceOrientationPortraitUpsideDown UIInterfaceOrientationLandscapeLeft UIInterfaceOrientationLandscapeRight";
				INFOPLIST_KEY_UISupportedInterfaceOrientations_iPhone = "UIInterfaceOrientationPortrait UIInterfaceOrientationLandscapeLeft UIInterfaceOrientationLandscapeRight";
				LD_RUNPATH_SEARCH_PATHS = (
					"$(inherited)",
					"@executable_path/Frameworks",
				);
				MARKETING_VERSION = 1.0;
				PRODUCT_BUNDLE_IDENTIFIER = io.oxozon.yearn.roxette;
				PRODUCT_NAME = "$(TARGET_NAME)";
				SWIFT_EMIT_LOC_STRINGS = YES;
				SWIFT_VERSION = 5.0;
				TARGETED_DEVICE_FAMILY = "1,2";
			};
			name = Release;
		};
/* End XCBuildConfiguration section */

/* Begin XCConfigurationList section */
		7168C2302AD5DA93003156C3 /* Build configuration list for PBXProject "roxette" */ = {
			isa = XCConfigurationList;
			buildConfigurations = (
				7168C2432AD5DA94003156C3 /* Debug */,
				7168C2442AD5DA94003156C3 /* Release */,
			);
			defaultConfigurationIsVisible = 0;
			defaultConfigurationName = Release;
		};
		7168C2452AD5DA94003156C3 /* Build configuration list for PBXNativeTarget "roxette" */ = {
			isa = XCConfigurationList;
			buildConfigurations = (
				7168C2462AD5DA94003156C3 /* Debug */,
				7168C2472AD5DA94003156C3 /* Release */,
			);
			defaultConfigurationIsVisible = 0;
			defaultConfigurationName = Release;
		};
/* End XCConfigurationList section */
	};
	rootObject = 7168C22D2AD5DA93003156C3 /* Project object */;
}
